
Microsoft Visual Studio Solution File, Format Version 12.00
# Visual Studio Version 16
VisualStudioVersion = 16.0.31129.286
MinimumVisualStudioVersion = 10.0.40219.1
Project("{FAE04EC0-301F-11D3-BF4B-00C04F79EFBC}") = "ExeCurso", "ExeCurso\ExeCurso.csproj", "{F90928FA-EE37-4253-AD90-90A2359B8991}"
EndProject
Global
	GlobalSection(SolutionConfigurationPlatforms) = preSolution
		Debug|Any CPU = Debug|Any CPU
		Release|Any CPU = Release|Any CPU
	EndGlobalSection
	GlobalSection(ProjectConfigurationPlatforms) = postSolution
		{F90928FA-EE37-4253-AD90-90A2359B8991}.Debug|Any CPU.ActiveCfg = Debug|Any CPU
		{F90928FA-EE37-4253-AD90-90A2359B8991}.Debug|Any CPU.Build.0 = Debug|Any CPU
		{F90928FA-EE37-4253-AD90-90A2359B8991}.Release|Any CPU.ActiveCfg = Release|Any CPU
		{F90928FA-EE37-4253-AD90-90A2359B8991}.Release|Any CPU.Build.0 = Release|Any CPU
	EndGlobalSection
	GlobalSection(SolutionProperties) = preSolution
		HideSolutionNode = FALSE
	EndGlobalSection
	GlobalSection(ExtensibilityGlobals) = postSolution
		SolutionGuid = {EBED4ABC-3470-45FF-A9CE-7A04387D047C}
	EndGlobalSection
EndGlobal
